{
  "requires": true,
  "lockfileVersion": 1,
  "dependencies": {
    "simplycountdown.js": {
      "version": "1.5.0",
      "resolved": "https://registry.npmjs.org/simplycountdown.js/-/simplycountdown.js-1.5.0.tgz",
      "integrity": "sha512-yoVOSmdRLSraXzpSdOi2LdaP5EwcqC2RWBJoR32qD4OZWh2oFX+HaKtjIAv+tI1fk0GQg2bZ5CUu+5Qvz/hF3w=="
    }
  }
}
